
Microsoft Visual Studio Solution File, Format Version 12.00
# Visual Studio Version 16
VisualStudioVersion = 16.0.30717.126
MinimumVisualStudioVersion = 10.0.40219.1
Project("{FAE04EC0-301F-11D3-BF4B-00C04F79EFBC}") = "00_Biblioteca", "01 - Serialização\00_Biblioteca\00_Biblioteca.csproj", "{6B29D397-150E-4638-A1E1-6FD55982F763}"
EndProject
Project("{FAE04EC0-301F-11D3-BF4B-00C04F79EFBC}") = "01_SerializarXML", "01 - Serialização\01_SerializarXML\01_SerializarXML.csproj", "{233B0B74-1EF9-4294-B414-E7BE7D65F800}"
EndProject
Project("{FAE04EC0-301F-11D3-BF4B-00C04F79EFBC}") = "02_DeserializarXML", "01 - Serialização\02_DeserializarXML\02_DeserializarXML.csproj", "{65355E56-A7FC-4569-8CCD-4081632FC3B0}"
EndProject
Project("{FAE04EC0-301F-11D3-BF4B-00C04F79EFBC}") = "03_SerializarJSON", "01 - Serialização\03_SerializarJSON\03_SerializarJSON.csproj", "{1D222A38-2689-4A86-AF10-AEF81F9D8D57}"
EndProject
Project("{FAE04EC0-301F-11D3-BF4B-00C04F79EFBC}") = "04_DeserializarJSON", "01 - Serialização\04_DeserializarJSON\04_DeserializarJSON.csproj", "{66890893-E2DC-4AE6-BFAC-C3F5C48171AE}"
EndProject
Project("{2150E333-8FDC-42A3-9474-1A3956D46DE8}") = "01 - Serialização", "01 - Serialização", "{38F9C154-9BE1-4F39-8F4F-EB5405D74047}"
EndProject
Project("{2150E333-8FDC-42A3-9474-1A3956D46DE8}") = "02 - Avançados", "02 - Avançados", "{49E6F3E9-A290-496E-92DC-E19946105747}"
EndProject
Project("{FAE04EC0-301F-11D3-BF4B-00C04F79EFBC}") = "05_Generics", "02 - Avançados\05_Generics\05_Generics.csproj", "{44362299-7840-43D9-96A3-DAB25170136C}"
EndProject
Project("{2150E333-8FDC-42A3-9474-1A3956D46DE8}") = "Arquivos", "Arquivos", "{D86D7BA2-0B38-498C-B5D1-3C9B55236AE0}"
	ProjectSection(SolutionItems) = preProject
		Arquivos\Carro.txt = Arquivos\Carro.txt
		Arquivos\Casa.txt = Arquivos\Casa.txt
		Arquivos\SerializarJSON.json = Arquivos\SerializarJSON.json
		Arquivos\SerializarXML.xml = Arquivos\SerializarXML.xml
		Arquivos\Usuario.txt = Arquivos\Usuario.txt
	EndProjectSection
EndProject
Project("{FAE04EC0-301F-11D3-BF4B-00C04F79EFBC}") = "06_VarDynamic", "02 - Avançados\06_VarDynamic\06_VarDynamic.csproj", "{0DE7CDEA-F65F-4A31-9CCF-1581DDBD36B0}"
EndProject
Project("{FAE04EC0-301F-11D3-BF4B-00C04F79EFBC}") = "07_ExtensionMethods", "02 - Avançados\07_ExtensionMethods\07_ExtensionMethods.csproj", "{4A345D0C-3199-43D6-A831-2D19C174699C}"
EndProject
Project("{FAE04EC0-301F-11D3-BF4B-00C04F79EFBC}") = "08_Nullable", "02 - Avançados\08_Nullable\08_Nullable.csproj", "{869825B1-36A6-4BA2-97E5-FC5F5D2E7A86}"
EndProject
Project("{2150E333-8FDC-42A3-9474-1A3956D46DE8}") = "03 - LINQ e LAMBDA", "03 - LINQ e LAMBDA", "{8CD78F18-902B-4EBB-B46F-886816AE0E1D}"
EndProject
Project("{FAE04EC0-301F-11D3-BF4B-00C04F79EFBC}") = "09_LINQ", "03 - LINQ e LAMBDA\09_LINQ\09_LINQ.csproj", "{B76A5554-4AE2-4DE8-84D9-94D190932BAB}"
EndProject
Project("{FAE04EC0-301F-11D3-BF4B-00C04F79EFBC}") = "10_LINQ_OBJ", "03 - LINQ e LAMBDA\10_LINQ_OBJ\10_LINQ_OBJ.csproj", "{B2996465-D0A5-40EB-8A6A-A50E6EDB436C}"
EndProject
Project("{FAE04EC0-301F-11D3-BF4B-00C04F79EFBC}") = "11_LINQ_JOIN", "03 - LINQ e LAMBDA\11_LINQ_JOIN\11_LINQ_JOIN.csproj", "{44870418-0A32-4BFE-83FF-716DC4B45A0E}"
EndProject
Project("{FAE04EC0-301F-11D3-BF4B-00C04F79EFBC}") = "12_LINQ_GROUP", "03 - LINQ e LAMBDA\12_LINQ_GROUP\12_LINQ_GROUP.csproj", "{AED9AAFB-3542-4104-BB08-A2110B684304}"
EndProject
Project("{2150E333-8FDC-42A3-9474-1A3956D46DE8}") = "04 - Delegate e Eventos", "04 - Delegate e Eventos", "{0014674F-9E75-4C65-B242-69A26D513DCD}"
EndProject
Project("{FAE04EC0-301F-11D3-BF4B-00C04F79EFBC}") = "13_Delegates", "04 - Delegate e Eventos\13_Delegates\13_Delegates.csproj", "{97F93665-2E4A-47B6-8E6B-4156207809FB}"
EndProject
Project("{FAE04EC0-301F-11D3-BF4B-00C04F79EFBC}") = "14_Delegates2", "04 - Delegate e Eventos\14_Delegates2\14_Delegates2.csproj", "{975C032F-0404-423F-AB1F-E4D075ECB6A1}"
EndProject
Project("{FAE04EC0-301F-11D3-BF4B-00C04F79EFBC}") = "15_Eventos", "04 - Delegate e Eventos\15_Eventos\15_Eventos.csproj", "{EAE3B50A-2DDB-4FBD-B430-446AF03966B2}"
EndProject
Project("{FAE04EC0-301F-11D3-BF4B-00C04F79EFBC}") = "16_DelegateMethod", "04 - Delegate e Eventos\16_DelegateMethod\16_DelegateMethod.csproj", "{063B334C-C984-424B-A30A-E4C3151A3AE5}"
EndProject
Project("{2150E333-8FDC-42A3-9474-1A3956D46DE8}") = "05 - Thread", "05 - Thread", "{CA8068E1-EA15-4256-95B4-5546AFB27117}"
EndProject
Project("{FAE04EC0-301F-11D3-BF4B-00C04F79EFBC}") = "17_Thread", "05 - Thread\17_Thread\17_Thread\17_Thread.csproj", "{BDA7EBE6-BD1A-47E4-8480-9C576C7F4616}"
EndProject
Project("{FAE04EC0-301F-11D3-BF4B-00C04F79EFBC}") = "18_MultiThread", "05 - Thread\18_MultiThread\18_MultiThread.csproj", "{DF2E4991-DE38-4F73-B13F-4C429838F59A}"
EndProject
Project("{FAE04EC0-301F-11D3-BF4B-00C04F79EFBC}") = "19_ThreadBackground", "05 - Thread\19_ThreadBackground\19_ThreadBackground.csproj", "{D5F007CD-6C05-45F7-AE07-49F6B4BA6B06}"
EndProject
Project("{FAE04EC0-301F-11D3-BF4B-00C04F79EFBC}") = "20_ThreadSafe", "05 - Thread\20_ThreadSafe\20_ThreadSafe.csproj", "{5D7B1018-6E56-4D25-9E82-C89A26E6F333}"
EndProject
Project("{FAE04EC0-301F-11D3-BF4B-00C04F79EFBC}") = "21_ThreadId", "05 - Thread\21_ThreadId\21_ThreadId.csproj", "{9DF35C16-6C28-47C7-A7C0-5644FD9A372D}"
EndProject
Project("{FAE04EC0-301F-11D3-BF4B-00C04F79EFBC}") = "22_ThreadMetodos", "05 - Thread\22_ThreadMetodos\22_ThreadMetodos.csproj", "{3F97198B-5AEE-416A-92D1-6D2B0644431D}"
EndProject
Project("{FAE04EC0-301F-11D3-BF4B-00C04F79EFBC}") = "23_AutoManual", "05 - Thread\23_AutoManual\23_AutoManual.csproj", "{2916301F-FB0D-425E-A961-FDF29C0C2CA7}"
EndProject
Project("{2150E333-8FDC-42A3-9474-1A3956D46DE8}") = "06 - Task", "06 - Task", "{FD1FD1FC-BC08-4D96-A43F-030AB41487CB}"
EndProject
Project("{FAE04EC0-301F-11D3-BF4B-00C04F79EFBC}") = "24_Task", "06 - Task\24_Task\24_Task.csproj", "{3BCC2DDA-1010-4807-A902-98C52ECBBD98}"
EndProject
Project("{FAE04EC0-301F-11D3-BF4B-00C04F79EFBC}") = "25_TaskExecute", "06 - Task\25_TaskExecute\25_TaskExecute.csproj", "{55E322D3-9B74-4209-8300-4568E9BACAD7}"
EndProject
Project("{FAE04EC0-301F-11D3-BF4B-00C04F79EFBC}") = "26_TaskMult", "06 - Task\26_TaskMult\26_TaskMult.csproj", "{872720DF-2D05-4C1A-8D20-56E468F70B1C}"
EndProject
Project("{2150E333-8FDC-42A3-9474-1A3956D46DE8}") = "07 - Attributos e Reflections", "07 - Attributos e Reflections", "{4950F75F-10CD-48C8-8164-691FD00544FE}"
EndProject
Project("{FAE04EC0-301F-11D3-BF4B-00C04F79EFBC}") = "27_Atributo", "07 - Attributos e Reflections\27_Atributo\27_Atributo.csproj", "{56880664-7EA6-4F68-AE96-DA0A3BEFB458}"
EndProject
Project("{FAE04EC0-301F-11D3-BF4B-00C04F79EFBC}") = "28_Validacao", "07 - Attributos e Reflections\28_Validacao\28_Validacao.csproj", "{B9F22C39-EBA6-49FC-8B03-8F4CAC8E0C43}"
EndProject
Project("{FAE04EC0-301F-11D3-BF4B-00C04F79EFBC}") = "29_ValidacaoCustomizada", "07 - Attributos e Reflections\29_ValidacaoCustomizada\29_ValidacaoCustomizada.csproj", "{FAB9B2D7-F79B-4260-B945-FD2DFC9DE4AA}"
EndProject
Project("{FAE04EC0-301F-11D3-BF4B-00C04F79EFBC}") = "30_Reflection", "07 - Attributos e Reflections\30_Reflection\30_Reflection.csproj", "{7F593854-F13A-4F75-94DA-20B854F9C5D3}"
EndProject
Global
	GlobalSection(SolutionConfigurationPlatforms) = preSolution
		Debug|Any CPU = Debug|Any CPU
		Release|Any CPU = Release|Any CPU
	EndGlobalSection
	GlobalSection(ProjectConfigurationPlatforms) = postSolution
		{6B29D397-150E-4638-A1E1-6FD55982F763}.Debug|Any CPU.ActiveCfg = Debug|Any CPU
		{6B29D397-150E-4638-A1E1-6FD55982F763}.Debug|Any CPU.Build.0 = Debug|Any CPU
		{6B29D397-150E-4638-A1E1-6FD55982F763}.Release|Any CPU.ActiveCfg = Release|Any CPU
		{6B29D397-150E-4638-A1E1-6FD55982F763}.Release|Any CPU.Build.0 = Release|Any CPU
		{233B0B74-1EF9-4294-B414-E7BE7D65F800}.Debug|Any CPU.ActiveCfg = Debug|Any CPU
		{233B0B74-1EF9-4294-B414-E7BE7D65F800}.Debug|Any CPU.Build.0 = Debug|Any CPU
		{233B0B74-1EF9-4294-B414-E7BE7D65F800}.Release|Any CPU.ActiveCfg = Release|Any CPU
		{233B0B74-1EF9-4294-B414-E7BE7D65F800}.Release|Any CPU.Build.0 = Release|Any CPU
		{65355E56-A7FC-4569-8CCD-4081632FC3B0}.Debug|Any CPU.ActiveCfg = Debug|Any CPU
		{65355E56-A7FC-4569-8CCD-4081632FC3B0}.Debug|Any CPU.Build.0 = Debug|Any CPU
		{65355E56-A7FC-4569-8CCD-4081632FC3B0}.Release|Any CPU.ActiveCfg = Release|Any CPU
		{65355E56-A7FC-4569-8CCD-4081632FC3B0}.Release|Any CPU.Build.0 = Release|Any CPU
		{1D222A38-2689-4A86-AF10-AEF81F9D8D57}.Debug|Any CPU.ActiveCfg = Debug|Any CPU
		{1D222A38-2689-4A86-AF10-AEF81F9D8D57}.Debug|Any CPU.Build.0 = Debug|Any CPU
		{1D222A38-2689-4A86-AF10-AEF81F9D8D57}.Release|Any CPU.ActiveCfg = Release|Any CPU
		{1D222A38-2689-4A86-AF10-AEF81F9D8D57}.Release|Any CPU.Build.0 = Release|Any CPU
		{66890893-E2DC-4AE6-BFAC-C3F5C48171AE}.Debug|Any CPU.ActiveCfg = Debug|Any CPU
		{66890893-E2DC-4AE6-BFAC-C3F5C48171AE}.Debug|Any CPU.Build.0 = Debug|Any CPU
		{66890893-E2DC-4AE6-BFAC-C3F5C48171AE}.Release|Any CPU.ActiveCfg = Release|Any CPU
		{66890893-E2DC-4AE6-BFAC-C3F5C48171AE}.Release|Any CPU.Build.0 = Release|Any CPU
		{44362299-7840-43D9-96A3-DAB25170136C}.Debug|Any CPU.ActiveCfg = Debug|Any CPU
		{44362299-7840-43D9-96A3-DAB25170136C}.Debug|Any CPU.Build.0 = Debug|Any CPU
		{44362299-7840-43D9-96A3-DAB25170136C}.Release|Any CPU.ActiveCfg = Release|Any CPU
		{44362299-7840-43D9-96A3-DAB25170136C}.Release|Any CPU.Build.0 = Release|Any CPU
		{0DE7CDEA-F65F-4A31-9CCF-1581DDBD36B0}.Debug|Any CPU.ActiveCfg = Debug|Any CPU
		{0DE7CDEA-F65F-4A31-9CCF-1581DDBD36B0}.Debug|Any CPU.Build.0 = Debug|Any CPU
		{0DE7CDEA-F65F-4A31-9CCF-1581DDBD36B0}.Release|Any CPU.ActiveCfg = Release|Any CPU
		{0DE7CDEA-F65F-4A31-9CCF-1581DDBD36B0}.Release|Any CPU.Build.0 = Release|Any CPU
		{4A345D0C-3199-43D6-A831-2D19C174699C}.Debug|Any CPU.ActiveCfg = Debug|Any CPU
		{4A345D0C-3199-43D6-A831-2D19C174699C}.Debug|Any CPU.Build.0 = Debug|Any CPU
		{4A345D0C-3199-43D6-A831-2D19C174699C}.Release|Any CPU.ActiveCfg = Release|Any CPU
		{4A345D0C-3199-43D6-A831-2D19C174699C}.Release|Any CPU.Build.0 = Release|Any CPU
		{869825B1-36A6-4BA2-97E5-FC5F5D2E7A86}.Debug|Any CPU.ActiveCfg = Debug|Any CPU
		{869825B1-36A6-4BA2-97E5-FC5F5D2E7A86}.Debug|Any CPU.Build.0 = Debug|Any CPU
		{869825B1-36A6-4BA2-97E5-FC5F5D2E7A86}.Release|Any CPU.ActiveCfg = Release|Any CPU
		{869825B1-36A6-4BA2-97E5-FC5F5D2E7A86}.Release|Any CPU.Build.0 = Release|Any CPU
		{B76A5554-4AE2-4DE8-84D9-94D190932BAB}.Debug|Any CPU.ActiveCfg = Debug|Any CPU
		{B76A5554-4AE2-4DE8-84D9-94D190932BAB}.Debug|Any CPU.Build.0 = Debug|Any CPU
		{B76A5554-4AE2-4DE8-84D9-94D190932BAB}.Release|Any CPU.ActiveCfg = Release|Any CPU
		{B76A5554-4AE2-4DE8-84D9-94D190932BAB}.Release|Any CPU.Build.0 = Release|Any CPU
		{B2996465-D0A5-40EB-8A6A-A50E6EDB436C}.Debug|Any CPU.ActiveCfg = Debug|Any CPU
		{B2996465-D0A5-40EB-8A6A-A50E6EDB436C}.Debug|Any CPU.Build.0 = Debug|Any CPU
		{B2996465-D0A5-40EB-8A6A-A50E6EDB436C}.Release|Any CPU.ActiveCfg = Release|Any CPU
		{B2996465-D0A5-40EB-8A6A-A50E6EDB436C}.Release|Any CPU.Build.0 = Release|Any CPU
		{44870418-0A32-4BFE-83FF-716DC4B45A0E}.Debug|Any CPU.ActiveCfg = Debug|Any CPU
		{44870418-0A32-4BFE-83FF-716DC4B45A0E}.Debug|Any CPU.Build.0 = Debug|Any CPU
		{44870418-0A32-4BFE-83FF-716DC4B45A0E}.Release|Any CPU.ActiveCfg = Release|Any CPU
		{44870418-0A32-4BFE-83FF-716DC4B45A0E}.Release|Any CPU.Build.0 = Release|Any CPU
		{AED9AAFB-3542-4104-BB08-A2110B684304}.Debug|Any CPU.ActiveCfg = Debug|Any CPU
		{AED9AAFB-3542-4104-BB08-A2110B684304}.Debug|Any CPU.Build.0 = Debug|Any CPU
		{AED9AAFB-3542-4104-BB08-A2110B684304}.Release|Any CPU.ActiveCfg = Release|Any CPU
		{AED9AAFB-3542-4104-BB08-A2110B684304}.Release|Any CPU.Build.0 = Release|Any CPU
		{97F93665-2E4A-47B6-8E6B-4156207809FB}.Debug|Any CPU.ActiveCfg = Debug|Any CPU
		{97F93665-2E4A-47B6-8E6B-4156207809FB}.Debug|Any CPU.Build.0 = Debug|Any CPU
		{97F93665-2E4A-47B6-8E6B-4156207809FB}.Release|Any CPU.ActiveCfg = Release|Any CPU
		{97F93665-2E4A-47B6-8E6B-4156207809FB}.Release|Any CPU.Build.0 = Release|Any CPU
		{975C032F-0404-423F-AB1F-E4D075ECB6A1}.Debug|Any CPU.ActiveCfg = Debug|Any CPU
		{975C032F-0404-423F-AB1F-E4D075ECB6A1}.Debug|Any CPU.Build.0 = Debug|Any CPU
		{975C032F-0404-423F-AB1F-E4D075ECB6A1}.Release|Any CPU.ActiveCfg = Release|Any CPU
		{975C032F-0404-423F-AB1F-E4D075ECB6A1}.Release|Any CPU.Build.0 = Release|Any CPU
		{EAE3B50A-2DDB-4FBD-B430-446AF03966B2}.Debug|Any CPU.ActiveCfg = Debug|Any CPU
		{EAE3B50A-2DDB-4FBD-B430-446AF03966B2}.Debug|Any CPU.Build.0 = Debug|Any CPU
		{EAE3B50A-2DDB-4FBD-B430-446AF03966B2}.Release|Any CPU.ActiveCfg = Release|Any CPU
		{EAE3B50A-2DDB-4FBD-B430-446AF03966B2}.Release|Any CPU.Build.0 = Release|Any CPU
		{063B334C-C984-424B-A30A-E4C3151A3AE5}.Debug|Any CPU.ActiveCfg = Debug|Any CPU
		{063B334C-C984-424B-A30A-E4C3151A3AE5}.Debug|Any CPU.Build.0 = Debug|Any CPU
		{063B334C-C984-424B-A30A-E4C3151A3AE5}.Release|Any CPU.ActiveCfg = Release|Any CPU
		{063B334C-C984-424B-A30A-E4C3151A3AE5}.Release|Any CPU.Build.0 = Release|Any CPU
		{BDA7EBE6-BD1A-47E4-8480-9C576C7F4616}.Debug|Any CPU.ActiveCfg = Debug|Any CPU
		{BDA7EBE6-BD1A-47E4-8480-9C576C7F4616}.Debug|Any CPU.Build.0 = Debug|Any CPU
		{BDA7EBE6-BD1A-47E4-8480-9C576C7F4616}.Release|Any CPU.ActiveCfg = Release|Any CPU
		{BDA7EBE6-BD1A-47E4-8480-9C576C7F4616}.Release|Any CPU.Build.0 = Release|Any CPU
		{DF2E4991-DE38-4F73-B13F-4C429838F59A}.Debug|Any CPU.ActiveCfg = Debug|Any CPU
		{DF2E4991-DE38-4F73-B13F-4C429838F59A}.Debug|Any CPU.Build.0 = Debug|Any CPU
		{DF2E4991-DE38-4F73-B13F-4C429838F59A}.Release|Any CPU.ActiveCfg = Release|Any CPU
		{DF2E4991-DE38-4F73-B13F-4C429838F59A}.Release|Any CPU.Build.0 = Release|Any CPU
		{D5F007CD-6C05-45F7-AE07-49F6B4BA6B06}.Debug|Any CPU.ActiveCfg = Debug|Any CPU
		{D5F007CD-6C05-45F7-AE07-49F6B4BA6B06}.Debug|Any CPU.Build.0 = Debug|Any CPU
		{D5F007CD-6C05-45F7-AE07-49F6B4BA6B06}.Release|Any CPU.ActiveCfg = Release|Any CPU
		{D5F007CD-6C05-45F7-AE07-49F6B4BA6B06}.Release|Any CPU.Build.0 = Release|Any CPU
		{5D7B1018-6E56-4D25-9E82-C89A26E6F333}.Debug|Any CPU.ActiveCfg = Debug|Any CPU
		{5D7B1018-6E56-4D25-9E82-C89A26E6F333}.Debug|Any CPU.Build.0 = Debug|Any CPU
		{5D7B1018-6E56-4D25-9E82-C89A26E6F333}.Release|Any CPU.ActiveCfg = Release|Any CPU
		{5D7B1018-6E56-4D25-9E82-C89A26E6F333}.Release|Any CPU.Build.0 = Release|Any CPU
		{9DF35C16-6C28-47C7-A7C0-5644FD9A372D}.Debug|Any CPU.ActiveCfg = Debug|Any CPU
		{9DF35C16-6C28-47C7-A7C0-5644FD9A372D}.Debug|Any CPU.Build.0 = Debug|Any CPU
		{9DF35C16-6C28-47C7-A7C0-5644FD9A372D}.Release|Any CPU.ActiveCfg = Release|Any CPU
		{9DF35C16-6C28-47C7-A7C0-5644FD9A372D}.Release|Any CPU.Build.0 = Release|Any CPU
		{3F97198B-5AEE-416A-92D1-6D2B0644431D}.Debug|Any CPU.ActiveCfg = Debug|Any CPU
		{3F97198B-5AEE-416A-92D1-6D2B0644431D}.Debug|Any CPU.Build.0 = Debug|Any CPU
		{3F97198B-5AEE-416A-92D1-6D2B0644431D}.Release|Any CPU.ActiveCfg = Release|Any CPU
		{3F97198B-5AEE-416A-92D1-6D2B0644431D}.Release|Any CPU.Build.0 = Release|Any CPU
		{2916301F-FB0D-425E-A961-FDF29C0C2CA7}.Debug|Any CPU.ActiveCfg = Debug|Any CPU
		{2916301F-FB0D-425E-A961-FDF29C0C2CA7}.Debug|Any CPU.Build.0 = Debug|Any CPU
		{2916301F-FB0D-425E-A961-FDF29C0C2CA7}.Release|Any CPU.ActiveCfg = Release|Any CPU
		{2916301F-FB0D-425E-A961-FDF29C0C2CA7}.Release|Any CPU.Build.0 = Release|Any CPU
		{3BCC2DDA-1010-4807-A902-98C52ECBBD98}.Debug|Any CPU.ActiveCfg = Debug|Any CPU
		{3BCC2DDA-1010-4807-A902-98C52ECBBD98}.Debug|Any CPU.Build.0 = Debug|Any CPU
		{3BCC2DDA-1010-4807-A902-98C52ECBBD98}.Release|Any CPU.ActiveCfg = Release|Any CPU
		{3BCC2DDA-1010-4807-A902-98C52ECBBD98}.Release|Any CPU.Build.0 = Release|Any CPU
		{55E322D3-9B74-4209-8300-4568E9BACAD7}.Debug|Any CPU.ActiveCfg = Debug|Any CPU
		{55E322D3-9B74-4209-8300-4568E9BACAD7}.Debug|Any CPU.Build.0 = Debug|Any CPU
		{55E322D3-9B74-4209-8300-4568E9BACAD7}.Release|Any CPU.ActiveCfg = Release|Any CPU
		{55E322D3-9B74-4209-8300-4568E9BACAD7}.Release|Any CPU.Build.0 = Release|Any CPU
		{872720DF-2D05-4C1A-8D20-56E468F70B1C}.Debug|Any CPU.ActiveCfg = Debug|Any CPU
		{872720DF-2D05-4C1A-8D20-56E468F70B1C}.Debug|Any CPU.Build.0 = Debug|Any CPU
		{872720DF-2D05-4C1A-8D20-56E468F70B1C}.Release|Any CPU.ActiveCfg = Release|Any CPU
		{872720DF-2D05-4C1A-8D20-56E468F70B1C}.Release|Any CPU.Build.0 = Release|Any CPU
		{56880664-7EA6-4F68-AE96-DA0A3BEFB458}.Debug|Any CPU.ActiveCfg = Debug|Any CPU
		{56880664-7EA6-4F68-AE96-DA0A3BEFB458}.Debug|Any CPU.Build.0 = Debug|Any CPU
		{56880664-7EA6-4F68-AE96-DA0A3BEFB458}.Release|Any CPU.ActiveCfg = Release|Any CPU
		{56880664-7EA6-4F68-AE96-DA0A3BEFB458}.Release|Any CPU.Build.0 = Release|Any CPU
		{B9F22C39-EBA6-49FC-8B03-8F4CAC8E0C43}.Debug|Any CPU.ActiveCfg = Debug|Any CPU
		{B9F22C39-EBA6-49FC-8B03-8F4CAC8E0C43}.Debug|Any CPU.Build.0 = Debug|Any CPU
		{B9F22C39-EBA6-49FC-8B03-8F4CAC8E0C43}.Release|Any CPU.ActiveCfg = Release|Any CPU
		{B9F22C39-EBA6-49FC-8B03-8F4CAC8E0C43}.Release|Any CPU.Build.0 = Release|Any CPU
		{FAB9B2D7-F79B-4260-B945-FD2DFC9DE4AA}.Debug|Any CPU.ActiveCfg = Debug|Any CPU
		{FAB9B2D7-F79B-4260-B945-FD2DFC9DE4AA}.Debug|Any CPU.Build.0 = Debug|Any CPU
		{FAB9B2D7-F79B-4260-B945-FD2DFC9DE4AA}.Release|Any CPU.ActiveCfg = Release|Any CPU
		{FAB9B2D7-F79B-4260-B945-FD2DFC9DE4AA}.Release|Any CPU.Build.0 = Release|Any CPU
		{7F593854-F13A-4F75-94DA-20B854F9C5D3}.Debug|Any CPU.ActiveCfg = Debug|Any CPU
		{7F593854-F13A-4F75-94DA-20B854F9C5D3}.Debug|Any CPU.Build.0 = Debug|Any CPU
		{7F593854-F13A-4F75-94DA-20B854F9C5D3}.Release|Any CPU.ActiveCfg = Release|Any CPU
		{7F593854-F13A-4F75-94DA-20B854F9C5D3}.Release|Any CPU.Build.0 = Release|Any CPU
	EndGlobalSection
	GlobalSection(SolutionProperties) = preSolution
		HideSolutionNode = FALSE
	EndGlobalSection
	GlobalSection(NestedProjects) = preSolution
		{6B29D397-150E-4638-A1E1-6FD55982F763} = {38F9C154-9BE1-4F39-8F4F-EB5405D74047}
		{233B0B74-1EF9-4294-B414-E7BE7D65F800} = {38F9C154-9BE1-4F39-8F4F-EB5405D74047}
		{65355E56-A7FC-4569-8CCD-4081632FC3B0} = {38F9C154-9BE1-4F39-8F4F-EB5405D74047}
		{1D222A38-2689-4A86-AF10-AEF81F9D8D57} = {38F9C154-9BE1-4F39-8F4F-EB5405D74047}
		{66890893-E2DC-4AE6-BFAC-C3F5C48171AE} = {38F9C154-9BE1-4F39-8F4F-EB5405D74047}
		{44362299-7840-43D9-96A3-DAB25170136C} = {49E6F3E9-A290-496E-92DC-E19946105747}
		{0DE7CDEA-F65F-4A31-9CCF-1581DDBD36B0} = {49E6F3E9-A290-496E-92DC-E19946105747}
		{4A345D0C-3199-43D6-A831-2D19C174699C} = {49E6F3E9-A290-496E-92DC-E19946105747}
		{869825B1-36A6-4BA2-97E5-FC5F5D2E7A86} = {49E6F3E9-A290-496E-92DC-E19946105747}
		{B76A5554-4AE2-4DE8-84D9-94D190932BAB} = {8CD78F18-902B-4EBB-B46F-886816AE0E1D}
		{B2996465-D0A5-40EB-8A6A-A50E6EDB436C} = {8CD78F18-902B-4EBB-B46F-886816AE0E1D}
		{44870418-0A32-4BFE-83FF-716DC4B45A0E} = {8CD78F18-902B-4EBB-B46F-886816AE0E1D}
		{AED9AAFB-3542-4104-BB08-A2110B684304} = {8CD78F18-902B-4EBB-B46F-886816AE0E1D}
		{97F93665-2E4A-47B6-8E6B-4156207809FB} = {0014674F-9E75-4C65-B242-69A26D513DCD}
		{975C032F-0404-423F-AB1F-E4D075ECB6A1} = {0014674F-9E75-4C65-B242-69A26D513DCD}
		{EAE3B50A-2DDB-4FBD-B430-446AF03966B2} = {0014674F-9E75-4C65-B242-69A26D513DCD}
		{063B334C-C984-424B-A30A-E4C3151A3AE5} = {0014674F-9E75-4C65-B242-69A26D513DCD}
		{BDA7EBE6-BD1A-47E4-8480-9C576C7F4616} = {CA8068E1-EA15-4256-95B4-5546AFB27117}
		{DF2E4991-DE38-4F73-B13F-4C429838F59A} = {CA8068E1-EA15-4256-95B4-5546AFB27117}
		{D5F007CD-6C05-45F7-AE07-49F6B4BA6B06} = {CA8068E1-EA15-4256-95B4-5546AFB27117}
		{5D7B1018-6E56-4D25-9E82-C89A26E6F333} = {CA8068E1-EA15-4256-95B4-5546AFB27117}
		{9DF35C16-6C28-47C7-A7C0-5644FD9A372D} = {CA8068E1-EA15-4256-95B4-5546AFB27117}
		{3F97198B-5AEE-416A-92D1-6D2B0644431D} = {CA8068E1-EA15-4256-95B4-5546AFB27117}
		{2916301F-FB0D-425E-A961-FDF29C0C2CA7} = {CA8068E1-EA15-4256-95B4-5546AFB27117}
		{3BCC2DDA-1010-4807-A902-98C52ECBBD98} = {FD1FD1FC-BC08-4D96-A43F-030AB41487CB}
		{55E322D3-9B74-4209-8300-4568E9BACAD7} = {FD1FD1FC-BC08-4D96-A43F-030AB41487CB}
		{872720DF-2D05-4C1A-8D20-56E468F70B1C} = {FD1FD1FC-BC08-4D96-A43F-030AB41487CB}
		{56880664-7EA6-4F68-AE96-DA0A3BEFB458} = {4950F75F-10CD-48C8-8164-691FD00544FE}
		{B9F22C39-EBA6-49FC-8B03-8F4CAC8E0C43} = {4950F75F-10CD-48C8-8164-691FD00544FE}
		{FAB9B2D7-F79B-4260-B945-FD2DFC9DE4AA} = {4950F75F-10CD-48C8-8164-691FD00544FE}
		{7F593854-F13A-4F75-94DA-20B854F9C5D3} = {4950F75F-10CD-48C8-8164-691FD00544FE}
	EndGlobalSection
	GlobalSection(ExtensibilityGlobals) = postSolution
		SolutionGuid = {9D97DE44-112A-4D18-B65F-5F1DF22C5BA6}
	EndGlobalSection
EndGlobal
